
Microsoft Visual Studio Solution File, Format Version 12.00
# Visual Studio 15
VisualStudioVersion = 15.0.28307.645
MinimumVisualStudioVersion = 10.0.40219.1
Project("{FAE04EC0-301F-11D3-BF4B-00C04F79EFBC}") = "OrderApp", "OrderApp\OrderApp.csproj", "{810C7242-E9C1-4A47-9893-B1B8BADE4C03}"
EndProject
Global
	GlobalSection(SolutionConfigurationPlatforms) = preSolution
		Debug|Any CPU = Debug|Any CPU
		Release|Any CPU = Release|Any CPU
	EndGlobalSection
	GlobalSection(ProjectConfigurationPlatforms) = postSolution
		{810C7242-E9C1-4A47-9893-B1B8BADE4C03}.Debug|Any CPU.ActiveCfg = Debug|Any CPU
		{810C7242-E9C1-4A47-9893-B1B8BADE4C03}.Debug|Any CPU.Build.0 = Debug|Any CPU
		{810C7242-E9C1-4A47-9893-B1B8BADE4C03}.Release|Any CPU.ActiveCfg = Release|Any CPU
		{810C7242-E9C1-4A47-9893-B1B8BADE4C03}.Release|Any CPU.Build.0 = Release|Any CPU
	EndGlobalSection
	GlobalSection(SolutionProperties) = preSolution
		HideSolutionNode = FALSE
	EndGlobalSection
	GlobalSection(ExtensibilityGlobals) = postSolution
		SolutionGuid = {23885650-6555-4801-A2AD-8422F5E7B60C}
	EndGlobalSection
EndGlobal
